
Microsoft Visual Studio Solution File, Format Version 11.00
# Visual Studio 2010
Project("{FAE04EC0-301F-11D3-BF4B-00C04F79EFBC}") = "Food Fight", "Food Fight\Food Fight\Food Fight.csproj", "{C8F96A3A-CCFB-46BC-8DE3-BE0F823645DB}"
EndProject
Project("{FAE04EC0-301F-11D3-BF4B-00C04F79EFBC}") = "Food FightContent", "Food Fight\Food FightContent\Food FightContent.contentproj", "{9DB39A04-C4A7-4500-99A3-6C36E31C6015}"
EndProject
Global
	GlobalSection(SolutionConfigurationPlatforms) = preSolution
		Debug|x86 = Debug|x86
		Release|x86 = Release|x86
	EndGlobalSection
	GlobalSection(ProjectConfigurationPlatforms) = postSolution
		{C8F96A3A-CCFB-46BC-8DE3-BE0F823645DB}.Debug|x86.ActiveCfg = Debug|x86
		{C8F96A3A-CCFB-46BC-8DE3-BE0F823645DB}.Debug|x86.Build.0 = Debug|x86
		{C8F96A3A-CCFB-46BC-8DE3-BE0F823645DB}.Release|x86.ActiveCfg = Release|x86
		{C8F96A3A-CCFB-46BC-8DE3-BE0F823645DB}.Release|x86.Build.0 = Release|x86
		{9DB39A04-C4A7-4500-99A3-6C36E31C6015}.Debug|x86.ActiveCfg = Debug|x86
		{9DB39A04-C4A7-4500-99A3-6C36E31C6015}.Release|x86.ActiveCfg = Release|x86
		{9DB39A04-C4A7-4500-99A3-6C36E31C6015}.Release|x86.Build.0 = Release|x86
	EndGlobalSection
	GlobalSection(SolutionProperties) = preSolution
		HideSolutionNode = FALSE
	EndGlobalSection
EndGlobal
